
Microsoft Visual Studio Solution File, Format Version 12.00
# Visual Studio Version 16
VisualStudioVersion = 16.0.30517.126
MinimumVisualStudioVersion = 10.0.40219.1
Project("{FAE04EC0-301F-11D3-BF4B-00C04F79EFBC}") = "CryptographyAlgorithms", "CryptographyAlgorithms\CryptographyAlgorithms.csproj", "{AECB8F5F-E56E-41EF-826F-707728DDC6E4}"
EndProject
Global
	GlobalSection(SolutionConfigurationPlatforms) = preSolution
		Debug|Any CPU = Debug|Any CPU
		Release|Any CPU = Release|Any CPU
	EndGlobalSection
	GlobalSection(ProjectConfigurationPlatforms) = postSolution
		{AECB8F5F-E56E-41EF-826F-707728DDC6E4}.Debug|Any CPU.ActiveCfg = Debug|Any CPU
		{AECB8F5F-E56E-41EF-826F-707728DDC6E4}.Debug|Any CPU.Build.0 = Debug|Any CPU
		{AECB8F5F-E56E-41EF-826F-707728DDC6E4}.Release|Any CPU.ActiveCfg = Release|Any CPU
		{AECB8F5F-E56E-41EF-826F-707728DDC6E4}.Release|Any CPU.Build.0 = Release|Any CPU
	EndGlobalSection
	GlobalSection(SolutionProperties) = preSolution
		HideSolutionNode = FALSE
	EndGlobalSection
	GlobalSection(ExtensibilityGlobals) = postSolution
		SolutionGuid = {B3A7B8AF-BF7B-4F38-9655-7565CFFC313D}
	EndGlobalSection
EndGlobal
